
Microsoft Visual Studio Solution File, Format Version 12.00
# Visual Studio Version 16
VisualStudioVersion = 16.0.31424.327
MinimumVisualStudioVersion = 10.0.40219.1
Project("{FAE04EC0-301F-11D3-BF4B-00C04F79EFBC}") = "Esercitazione1", "Esercitazione1\Esercitazione1.csproj", "{89BEE373-BD4B-47AB-A0F6-60EC352E32A8}"
EndProject
Global
	GlobalSection(SolutionConfigurationPlatforms) = preSolution
		Debug|Any CPU = Debug|Any CPU
		Release|Any CPU = Release|Any CPU
	EndGlobalSection
	GlobalSection(ProjectConfigurationPlatforms) = postSolution
		{89BEE373-BD4B-47AB-A0F6-60EC352E32A8}.Debug|Any CPU.ActiveCfg = Debug|Any CPU
		{89BEE373-BD4B-47AB-A0F6-60EC352E32A8}.Debug|Any CPU.Build.0 = Debug|Any CPU
		{89BEE373-BD4B-47AB-A0F6-60EC352E32A8}.Release|Any CPU.ActiveCfg = Release|Any CPU
		{89BEE373-BD4B-47AB-A0F6-60EC352E32A8}.Release|Any CPU.Build.0 = Release|Any CPU
	EndGlobalSection
	GlobalSection(SolutionProperties) = preSolution
		HideSolutionNode = FALSE
	EndGlobalSection
	GlobalSection(ExtensibilityGlobals) = postSolution
		SolutionGuid = {D8321DEB-AA15-44CC-A592-48D589E46DB5}
	EndGlobalSection
EndGlobal
